// !$*UTF8*$!
{
	archiveVersion = 1;
	classes = {
	};
	objectVersion = 50;
	objects = {

/* Begin PBXBuildFile section */
		2650036F24868897005AC626 /* AppDelegate.swift in Sources */ = {isa = PBXBuildFile; fileRef = 2650036E24868897005AC626 /* AppDelegate.swift */; };
		2650037124868897005AC626 /* SceneDelegate.swift in Sources */ = {isa = PBXBuildFile; fileRef = 2650037024868897005AC626 /* SceneDelegate.swift */; };
		2650037324868897005AC626 /* EmojiMemoryGameView.swift in Sources */ = {isa = PBXBuildFile; fileRef = 2650037224868897005AC626 /* EmojiMemoryGameView.swift */; };
		2650037524868898005AC626 /* Assets.xcassets in Resources */ = {isa = PBXBuildFile; fileRef = 2650037424868898005AC626 /* Assets.xcassets */; };
		2650037824868898005AC626 /* Preview Assets.xcassets in Resources */ = {isa = PBXBuildFile; fileRef = 2650037724868898005AC626 /* Preview Assets.xcassets */; };
		2650037B24868898005AC626 /* LaunchScreen.storyboard in Resources */ = {isa = PBXBuildFile; fileRef = 2650037924868898005AC626 /* LaunchScreen.storyboard */; };
		2660FF3C248E05D90061DB26 /* Pie.swift in Sources */ = {isa = PBXBuildFile; fileRef = 2660FF3B248E05D90061DB26 /* Pie.swift */; };
		2660FF3E248E0D990061DB26 /* Cardify.swift in Sources */ = {isa = PBXBuildFile; fileRef = 2660FF3D248E0D990061DB26 /* Cardify.swift */; };
		26A30227248A272E009C4B77 /* Grid.swift in Sources */ = {isa = PBXBuildFile; fileRef = 26A30226248A272E009C4B77 /* Grid.swift */; };
		26A30229248A3897009C4B77 /* GridLayout.swift in Sources */ = {isa = PBXBuildFile; fileRef = 26A30228248A3897009C4B77 /* GridLayout.swift */; };
		26A3022B248A3DAC009C4B77 /* Array+Identifiable.swift in Sources */ = {isa = PBXBuildFile; fileRef = 26A3022A248A3DAC009C4B77 /* Array+Identifiable.swift */; };
		26F77D6B248786B9006BC663 /* MemoryGame.swift in Sources */ = {isa = PBXBuildFile; fileRef = 26F77D6A248786B9006BC663 /* MemoryGame.swift */; };
		26F77D6D248788C0006BC663 /* EmojiMemoryGame.swift in Sources */ = {isa = PBXBuildFile; fileRef = 26F77D6C248788C0006BC663 /* EmojiMemoryGame.swift */; };
/* End PBXBuildFile section */

/* Begin PBXFileReference section */
		2650036B24868897005AC626 /* Memorize.app */ = {isa = PBXFileReference; explicitFileType = wrapper.application; includeInIndex = 0; path = Memorize.app; sourceTree = BUILT_PRODUCTS_DIR; };
		2650036E24868897005AC626 /* AppDelegate.swift */ = {isa = PBXFileReference; lastKnownFileType = sourcecode.swift; path = AppDelegate.swift; sourceTree = "<group>"; };
		2650037024868897005AC626 /* SceneDelegate.swift */ = {isa = PBXFileReference; lastKnownFileType = sourcecode.swift; path = SceneDelegate.swift; sourceTree = "<group>"; };
		2650037224868897005AC626 /* EmojiMemoryGameView.swift */ = {isa = PBXFileReference; lastKnownFileType = sourcecode.swift; path = EmojiMemoryGameView.swift; sourceTree = "<group>"; };
		2650037424868898005AC626 /* Assets.xcassets */ = {isa = PBXFileReference; lastKnownFileType = folder.assetcatalog; path = Assets.xcassets; sourceTree = "<group>"; };
		2650037724868898005AC626 /* Preview Assets.xcassets */ = {isa = PBXFileReference; lastKnownFileType = folder.assetcatalog; path = "Preview Assets.xcassets"; sourceTree = "<group>"; };
		2650037A24868898005AC626 /* Base */ = {isa = PBXFileReference; lastKnownFileType = file.storyboard; name = Base; path = Base.lproj/LaunchScreen.storyboard; sourceTree = "<group>"; };
		2650037C24868898005AC626 /* Info.plist */ = {isa = PBXFileReference; lastKnownFileType = text.plist.xml; path = Info.plist; sourceTree = "<group>"; };
		2660FF3B248E05D90061DB26 /* Pie.swift */ = {isa = PBXFileReference; lastKnownFileType = sourcecode.swift; path = Pie.swift; sourceTree = "<group>"; };
		2660FF3D248E0D990061DB26 /* Cardify.swift */ = {isa = PBXFileReference; lastKnownFileType = sourcecode.swift; path = Cardify.swift; sourceTree = "<group>"; };
		26A30226248A272E009C4B77 /* Grid.swift */ = {isa = PBXFileReference; lastKnownFileType = sourcecode.swift; path = Grid.swift; sourceTree = "<group>"; };
		26A30228248A3897009C4B77 /* GridLayout.swift */ = {isa = PBXFileReference; fileEncoding = 4; lastKnownFileType = sourcecode.swift; path = GridLayout.swift; sourceTree = "<group>"; };
		26A3022A248A3DAC009C4B77 /* Array+Identifiable.swift */ = {isa = PBXFileReference; lastKnownFileType = sourcecode.swift; path = "Array+Identifiable.swift"; sourceTree = "<group>"; };
		26F77D6A248786B9006BC663 /* MemoryGame.swift */ = {isa = PBXFileReference; lastKnownFileType = sourcecode.swift; path = MemoryGame.swift; sourceTree = "<group>"; };
		26F77D6C248788C0006BC663 /* EmojiMemoryGame.swift */ = {isa = PBXFileReference; lastKnownFileType = sourcecode.swift; path = EmojiMemoryGame.swift; sourceTree = "<group>"; };
/* End PBXFileReference section */

/* Begin PBXFrameworksBuildPhase section */
		2650036824868897005AC626 /* Frameworks */ = {
			isa = PBXFrameworksBuildPhase;
			buildActionMask = 2147483647;
			files = (
			);
			runOnlyForDeploymentPostprocessing = 0;
		};
/* End PBXFrameworksBuildPhase section */

/* Begin PBXGroup section */
		2650036224868897005AC626 = {
			isa = PBXGroup;
			children = (
				2650036D24868897005AC626 /* Memorize */,
				2650036C24868897005AC626 /* Products */,
			);
			sourceTree = "<group>";
		};
		2650036C24868897005AC626 /* Products */ = {
			isa = PBXGroup;
			children = (
				2650036B24868897005AC626 /* Memorize.app */,
			);
			name = Products;
			sourceTree = "<group>";
		};
		2650036D24868897005AC626 /* Memorize */ = {
			isa = PBXGroup;
			children = (
				2660FF3B248E05D90061DB26 /* Pie.swift */,
				2650036E24868897005AC626 /* AppDelegate.swift */,
				2650037024868897005AC626 /* SceneDelegate.swift */,
				2650037224868897005AC626 /* EmojiMemoryGameView.swift */,
				2660FF3D248E0D990061DB26 /* Cardify.swift */,
				26A30226248A272E009C4B77 /* Grid.swift */,
				26A3022A248A3DAC009C4B77 /* Array+Identifiable.swift */,
				26A30228248A3897009C4B77 /* GridLayout.swift */,
				26F77D6C248788C0006BC663 /* EmojiMemoryGame.swift */,
				26F77D6A248786B9006BC663 /* MemoryGame.swift */,
				2650037424868898005AC626 /* Assets.xcassets */,
				2650037924868898005AC626 /* LaunchScreen.storyboard */,
				2650037C24868898005AC626 /* Info.plist */,
				2650037624868898005AC626 /* Preview Content */,
			);
			path = Memorize;
			sourceTree = "<group>";
		};
		2650037624868898005AC626 /* Preview Content */ = {
			isa = PBXGroup;
			children = (
				2650037724868898005AC626 /* Preview Assets.xcassets */,
			);
			path = "Preview Content";
			sourceTree = "<group>";
		};
/* End PBXGroup section */

/* Begin PBXNativeTarget section */
		2650036A24868897005AC626 /* Memorize */ = {
			isa = PBXNativeTarget;
			buildConfigurationList = 2650037F24868898005AC626 /* Build configuration list for PBXNativeTarget "Memorize" */;
			buildPhases = (
				2650036724868897005AC626 /* Sources */,
				2650036824868897005AC626 /* Frameworks */,
				2650036924868897005AC626 /* Resources */,
			);
			buildRules = (
			);
			dependencies = (
			);
			name = Memorize;
			productName = Memorize;
			productReference = 2650036B24868897005AC626 /* Memorize.app */;
			productType = "com.apple.product-type.application";
		};
/* End PBXNativeTarget section */

/* Begin PBXProject section */
		2650036324868897005AC626 /* Project object */ = {
			isa = PBXProject;
			attributes = {
				LastSwiftUpdateCheck = 1150;
				LastUpgradeCheck = 1150;
				ORGANIZATIONNAME = "Valeriy Kovalevskiy";
				TargetAttributes = {
					2650036A24868897005AC626 = {
						CreatedOnToolsVersion = 11.5;
					};
				};
			};
			buildConfigurationList = 2650036624868897005AC626 /* Build configuration list for PBXProject "Memorize" */;
			compatibilityVersion = "Xcode 9.3";
			developmentRegion = en;
			hasScannedForEncodings = 0;
			knownRegions = (
				en,
				Base,
			);
			mainGroup = 2650036224868897005AC626;
			productRefGroup = 2650036C24868897005AC626 /* Products */;
			projectDirPath = "";
			projectRoot = "";
			targets = (
				2650036A24868897005AC626 /* Memorize */,
			);
		};
/* End PBXProject section */

/* Begin PBXResourcesBuildPhase section */
		2650036924868897005AC626 /* Resources */ = {
			isa = PBXResourcesBuildPhase;
			buildActionMask = 2147483647;
			files = (
				2650037B24868898005AC626 /* LaunchScreen.storyboard in Resources */,
				2650037824868898005AC626 /* Preview Assets.xcassets in Resources */,
				2650037524868898005AC626 /* Assets.xcassets in Resources */,
			);
			runOnlyForDeploymentPostprocessing = 0;
		};
/* End PBXResourcesBuildPhase section */

/* Begin PBXSourcesBuildPhase section */
		2650036724868897005AC626 /* Sources */ = {
			isa = PBXSourcesBuildPhase;
			buildActionMask = 2147483647;
			files = (
				2650036F24868897005AC626 /* AppDelegate.swift in Sources */,
				2650037124868897005AC626 /* SceneDelegate.swift in Sources */,
				26F77D6B248786B9006BC663 /* MemoryGame.swift in Sources */,
				2660FF3C248E05D90061DB26 /* Pie.swift in Sources */,
				2650037324868897005AC626 /* EmojiMemoryGameView.swift in Sources */,
				26F77D6D248788C0006BC663 /* EmojiMemoryGame.swift in Sources */,
				26A3022B248A3DAC009C4B77 /* Array+Identifiable.swift in Sources */,
				26A30229248A3897009C4B77 /* GridLayout.swift in Sources */,
				2660FF3E248E0D990061DB26 /* Cardify.swift in Sources */,
				26A30227248A272E009C4B77 /* Grid.swift in Sources */,
			);
			runOnlyForDeploymentPostprocessing = 0;
		};
/* End PBXSourcesBuildPhase section */

/* Begin PBXVariantGroup section */
		2650037924868898005AC626 /* LaunchScreen.storyboard */ = {
			isa = PBXVariantGroup;
			children = (
				2650037A24868898005AC626 /* Base */,
			);
			name = LaunchScreen.storyboard;
			sourceTree = "<group>";
		};
/* End PBXVariantGroup section */

/* Begin XCBuildConfiguration section */
		2650037D24868898005AC626 /* Debug */ = {
			isa = XCBuildConfiguration;
			buildSettings = {
				ALWAYS_SEARCH_USER_PATHS = NO;
				CLANG_ANALYZER_NONNULL = YES;
				CLANG_ANALYZER_NUMBER_OBJECT_CONVERSION = YES_AGGRESSIVE;
				CLANG_CXX_LANGUAGE_STANDARD = "gnu++14";
				CLANG_CXX_LIBRARY = "libc++";
				CLANG_ENABLE_MODULES = YES;
				CLANG_ENABLE_OBJC_ARC = YES;
				CLANG_ENABLE_OBJC_WEAK = YES;
				CLANG_WARN_BLOCK_CAPTURE_AUTORELEASING = YES;
				CLANG_WARN_BOOL_CONVERSION = YES;
				CLANG_WARN_COMMA = YES;
				CLANG_WARN_CONSTANT_CONVERSION = YES;
				CLANG_WARN_DEPRECATED_OBJC_IMPLEMENTATIONS = YES;
				CLANG_WARN_DIRECT_OBJC_ISA_USAGE = YES_ERROR;
				CLANG_WARN_DOCUMENTATION_COMMENTS = YES;
				CLANG_WARN_EMPTY_BODY = YES;
				CLANG_WARN_ENUM_CONVERSION = YES;
				CLANG_WARN_INFINITE_RECURSION = YES;
				CLANG_WARN_INT_CONVERSION = YES;
				CLANG_WARN_NON_LITERAL_NULL_CONVERSION = YES;
				CLANG_WARN_OBJC_IMPLICIT_RETAIN_SELF = YES;
				CLANG_WARN_OBJC_LITERAL_CONVERSION = YES;
				CLANG_WARN_OBJC_ROOT_CLASS = YES_ERROR;
				CLANG_WARN_RANGE_LOOP_ANALYSIS = YES;
				CLANG_WARN_STRICT_PROTOTYPES = YES;
				CLANG_WARN_SUSPICIOUS_MOVE = YES;
				CLANG_WARN_UNGUARDED_AVAILABILITY = YES_AGGRESSIVE;
				CLANG_WARN_UNREACHABLE_CODE = YES;
				CLANG_WARN__DUPLICATE_METHOD_MATCH = YES;
				COPY_PHASE_STRIP = NO;
				DEBUG_INFORMATION_FORMAT = dwarf;
				ENABLE_STRICT_OBJC_MSGSEND = YES;
				ENABLE_TESTABILITY = YES;
				GCC_C_LANGUAGE_STANDARD = gnu11;
				GCC_DYNAMIC_NO_PIC = NO;
				GCC_NO_COMMON_BLOCKS = YES;
				GCC_OPTIMIZATION_LEVEL = 0;
				GCC_PREPROCESSOR_DEFINITIONS = (
					"DEBUG=1",
					"$(inherited)",
				);
				GCC_WARN_64_TO_32_BIT_CONVERSION = YES;
				GCC_WARN_ABOUT_RETURN_TYPE = YES_ERROR;
				GCC_WARN_UNDECLARED_SELECTOR = YES;
				GCC_WARN_UNINITIALIZED_AUTOS = YES_AGGRESSIVE;
				GCC_WARN_UNUSED_FUNCTION = YES;
				GCC_WARN_UNUSED_VARIABLE = YES;
				IPHONEOS_DEPLOYMENT_TARGET = 13.5;
				MTL_ENABLE_DEBUG_INFO = INCLUDE_SOURCE;
				MTL_FAST_MATH = YES;
				ONLY_ACTIVE_ARCH = YES;
				SDKROOT = iphoneos;
				SWIFT_ACTIVE_COMPILATION_CONDITIONS = DEBUG;
				SWIFT_OPTIMIZATION_LEVEL = "-Onone";
			};
			name = Debug;
		};
		2650037E24868898005AC626 /* Release */ = {
			isa = XCBuildConfiguration;
			buildSettings = {
				ALWAYS_SEARCH_USER_PATHS = NO;
				CLANG_ANALYZER_NONNULL = YES;
				CLANG_ANALYZER_NUMBER_OBJECT_CONVERSION = YES_AGGRESSIVE;
				CLANG_CXX_LANGUAGE_STANDARD = "gnu++14";
				CLANG_CXX_LIBRARY = "libc++";
				CLANG_ENABLE_MODULES = YES;
				CLANG_ENABLE_OBJC_ARC = YES;
				CLANG_ENABLE_OBJC_WEAK = YES;
				CLANG_WARN_BLOCK_CAPTURE_AUTORELEASING = YES;
				CLANG_WARN_BOOL_CONVERSION = YES;
				CLANG_WARN_COMMA = YES;
				CLANG_WARN_CONSTANT_CONVERSION = YES;
				CLANG_WARN_DEPRECATED_OBJC_IMPLEMENTATIONS = YES;
				CLANG_WARN_DIRECT_OBJC_ISA_USAGE = YES_ERROR;
				CLANG_WARN_DOCUMENTATION_COMMENTS = YES;
				CLANG_WARN_EMPTY_BODY = YES;
				CLANG_WARN_ENUM_CONVERSION = YES;
				CLANG_WARN_INFINITE_RECURSION = YES;
				CLANG_WARN_INT_CONVERSION = YES;
				CLANG_WARN_NON_LITERAL_NULL_CONVERSION = YES;
				CLANG_WARN_OBJC_IMPLICIT_RETAIN_SELF = YES;
				CLANG_WARN_OBJC_LITERAL_CONVERSION = YES;
				CLANG_WARN_OBJC_ROOT_CLASS = YES_ERROR;
				CLANG_WARN_RANGE_LOOP_ANALYSIS = YES;
				CLANG_WARN_STRICT_PROTOTYPES = YES;
				CLANG_WARN_SUSPICIOUS_MOVE = YES;
				CLANG_WARN_UNGUARDED_AVAILABILITY = YES_AGGRESSIVE;
				CLANG_WARN_UNREACHABLE_CODE = YES;
				CLANG_WARN__DUPLICATE_METHOD_MATCH = YES;
				COPY_PHASE_STRIP = NO;
				DEBUG_INFORMATION_FORMAT = "dwarf-with-dsym";
				ENABLE_NS_ASSERTIONS = NO;
				ENABLE_STRICT_OBJC_MSGSEND = YES;
				GCC_C_LANGUAGE_STANDARD = gnu11;
				GCC_NO_COMMON_BLOCKS = YES;
				GCC_WARN_64_TO_32_BIT_CONVERSION = YES;
				GCC_WARN_ABOUT_RETURN_TYPE = YES_ERROR;
				GCC_WARN_UNDECLARED_SELECTOR = YES;
				GCC_WARN_UNINITIALIZED_AUTOS = YES_AGGRESSIVE;
				GCC_WARN_UNUSED_FUNCTION = YES;
				GCC_WARN_UNUSED_VARIABLE = YES;
				IPHONEOS_DEPLOYMENT_TARGET = 13.5;
				MTL_ENABLE_DEBUG_INFO = NO;
				MTL_FAST_MATH = YES;
				SDKROOT = iphoneos;
				SWIFT_COMPILATION_MODE = wholemodule;
				SWIFT_OPTIMIZATION_LEVEL = "-O";
				VALIDATE_PRODUCT = YES;
			};
			name = Release;
		};
		2650038024868898005AC626 /* Debug */ = {
			isa = XCBuildConfiguration;
			buildSettings = {
				ASSETCATALOG_COMPILER_APPICON_NAME = AppIcon;
				CODE_SIGN_STYLE = Automatic;
				DEVELOPMENT_ASSET_PATHS = "\"Memorize/Preview Content\"";
				DEVELOPMENT_TEAM = 2UV3UVQ6CK;
				ENABLE_PREVIEWS = YES;
				INFOPLIST_FILE = Memorize/Info.plist;
				LD_RUNPATH_SEARCH_PATHS = (
					"$(inherited)",
					"@executable_path/Frameworks",
				);
				PRODUCT_BUNDLE_IDENTIFIER = v.kovalevskiy.Memorize;
				PRODUCT_NAME = "$(TARGET_NAME)";
				SWIFT_VERSION = 5.0;
				TARGETED_DEVICE_FAMILY = "1,2";
			};
			name = Debug;
		};
		2650038124868898005AC626 /* Release */ = {
			isa = XCBuildConfiguration;
			buildSettings = {
				ASSETCATALOG_COMPILER_APPICON_NAME = AppIcon;
				CODE_SIGN_STYLE = Automatic;
				DEVELOPMENT_ASSET_PATHS = "\"Memorize/Preview Content\"";
				DEVELOPMENT_TEAM = 2UV3UVQ6CK;
				ENABLE_PREVIEWS = YES;
				INFOPLIST_FILE = Memorize/Info.plist;
				LD_RUNPATH_SEARCH_PATHS = (
					"$(inherited)",
					"@executable_path/Frameworks",
				);
				PRODUCT_BUNDLE_IDENTIFIER = v.kovalevskiy.Memorize;
				PRODUCT_NAME = "$(TARGET_NAME)";
				SWIFT_VERSION = 5.0;
				TARGETED_DEVICE_FAMILY = "1,2";
			};
			name = Release;
		};
/* End XCBuildConfiguration section */

/* Begin XCConfigurationList section */
		2650036624868897005AC626 /* Build configuration list for PBXProject "Memorize" */ = {
			isa = XCConfigurationList;
			buildConfigurations = (
				2650037D24868898005AC626 /* Debug */,
				2650037E24868898005AC626 /* Release */,
			);
			defaultConfigurationIsVisible = 0;
			defaultConfigurationName = Release;
		};
		2650037F24868898005AC626 /* Build configuration list for PBXNativeTarget "Memorize" */ = {
			isa = XCConfigurationList;
			buildConfigurations = (
				2650038024868898005AC626 /* Debug */,
				2650038124868898005AC626 /* Release */,
			);
			defaultConfigurationIsVisible = 0;
			defaultConfigurationName = Release;
		};
/* End XCConfigurationList section */
	};
	rootObject = 2650036324868897005AC626 /* Project object */;
}
